
Microsoft Visual Studio Solution File, Format Version 12.00
# Visual Studio Version 16
VisualStudioVersion = 16.0.31702.278
MinimumVisualStudioVersion = 10.0.40219.1
Project("{FAE04EC0-301F-11D3-BF4B-00C04F79EFBC}") = "CuadrosTexto", "CuadrosTexto\CuadrosTexto.csproj", "{CB37E34D-E1BB-4781-A120-30607400B4B2}"
EndProject
Global
	GlobalSection(SolutionConfigurationPlatforms) = preSolution
		Debug|Any CPU = Debug|Any CPU
		Release|Any CPU = Release|Any CPU
	EndGlobalSection
	GlobalSection(ProjectConfigurationPlatforms) = postSolution
		{CB37E34D-E1BB-4781-A120-30607400B4B2}.Debug|Any CPU.ActiveCfg = Debug|Any CPU
		{CB37E34D-E1BB-4781-A120-30607400B4B2}.Debug|Any CPU.Build.0 = Debug|Any CPU
		{CB37E34D-E1BB-4781-A120-30607400B4B2}.Release|Any CPU.ActiveCfg = Release|Any CPU
		{CB37E34D-E1BB-4781-A120-30607400B4B2}.Release|Any CPU.Build.0 = Release|Any CPU
	EndGlobalSection
	GlobalSection(SolutionProperties) = preSolution
		HideSolutionNode = FALSE
	EndGlobalSection
	GlobalSection(ExtensibilityGlobals) = postSolution
		SolutionGuid = {469A8D44-B34A-4BCE-999E-611C2BCA8ED8}
	EndGlobalSection
EndGlobal
